
Microsoft Visual Studio Solution File, Format Version 12.00
# Visual Studio 15
VisualStudioVersion = 15.0.27130.2027
MinimumVisualStudioVersion = 10.0.40219.1
Project("{FAE04EC0-301F-11D3-BF4B-00C04F79EFBC}") = "AnimalSounds", "AnimalSounds\AnimalSounds.csproj", "{F05AC4F3-EDD2-48F9-9DBC-1D280B85ACA7}"
EndProject
Global
	GlobalSection(SolutionConfigurationPlatforms) = preSolution
		Debug|Any CPU = Debug|Any CPU
		Release|Any CPU = Release|Any CPU
	EndGlobalSection
	GlobalSection(ProjectConfigurationPlatforms) = postSolution
		{F05AC4F3-EDD2-48F9-9DBC-1D280B85ACA7}.Debug|Any CPU.ActiveCfg = Debug|Any CPU
		{F05AC4F3-EDD2-48F9-9DBC-1D280B85ACA7}.Debug|Any CPU.Build.0 = Debug|Any CPU
		{F05AC4F3-EDD2-48F9-9DBC-1D280B85ACA7}.Release|Any CPU.ActiveCfg = Release|Any CPU
		{F05AC4F3-EDD2-48F9-9DBC-1D280B85ACA7}.Release|Any CPU.Build.0 = Release|Any CPU
	EndGlobalSection
	GlobalSection(SolutionProperties) = preSolution
		HideSolutionNode = FALSE
	EndGlobalSection
	GlobalSection(ExtensibilityGlobals) = postSolution
		SolutionGuid = {B2288ED6-8C7A-4C10-9D6A-D8747D2B4BA4}
	EndGlobalSection
EndGlobal
